
Microsoft Visual Studio Solution File, Format Version 11.00
# Visual Studio 2010
Project("{FAE04EC0-301F-11D3-BF4B-00C04F79EFBC}") = "Windows7Taskbar", "Windows7Taskbar\Windows7Taskbar.csproj", "{1F282DFF-D43E-4711-97AE-0EB6331D553D}"
EndProject
Global
	GlobalSection(SolutionConfigurationPlatforms) = preSolution
		Debug|Any CPU = Debug|Any CPU
		Release|Any CPU = Release|Any CPU
	EndGlobalSection
	GlobalSection(ProjectConfigurationPlatforms) = postSolution
		{1F282DFF-D43E-4711-97AE-0EB6331D553D}.Debug|Any CPU.ActiveCfg = Debug|Any CPU
		{1F282DFF-D43E-4711-97AE-0EB6331D553D}.Debug|Any CPU.Build.0 = Debug|Any CPU
		{1F282DFF-D43E-4711-97AE-0EB6331D553D}.Release|Any CPU.ActiveCfg = Release|Any CPU
		{1F282DFF-D43E-4711-97AE-0EB6331D553D}.Release|Any CPU.Build.0 = Release|Any CPU
	EndGlobalSection
	GlobalSection(SolutionProperties) = preSolution
		HideSolutionNode = FALSE
	EndGlobalSection
EndGlobal
